// !$*UTF8*$!
{
	archiveVersion = 1;
	classes = {
	};
	objectVersion = 55;
	objects = {

/* Begin PBXBuildFile section */
		2B83E36928FC18F40072AEA0 /* SwiftUICharts in Frameworks */ = {isa = PBXBuildFile; productRef = 2B83E36828FC18F40072AEA0 /* SwiftUICharts */; };
		2B9C6C8028DFC95300230C64 /* SwiftUIChartdsDemoAppApp.swift in Sources */ = {isa = PBXBuildFile; fileRef = 2B9C6C7F28DFC95300230C64 /* SwiftUIChartdsDemoAppApp.swift */; };
		2B9C6C8228DFC95300230C64 /* ContentView.swift in Sources */ = {isa = PBXBuildFile; fileRef = 2B9C6C8128DFC95300230C64 /* ContentView.swift */; };
		2B9C6C8428DFC95400230C64 /* Assets.xcassets in Resources */ = {isa = PBXBuildFile; fileRef = 2B9C6C8328DFC95400230C64 /* Assets.xcassets */; };
		2B9C6C8728DFC95400230C64 /* Preview Assets.xcassets in Resources */ = {isa = PBXBuildFile; fileRef = 2B9C6C8628DFC95400230C64 /* Preview Assets.xcassets */; };
		2B9C6C9128DFC95400230C64 /* SwiftUIChartdsDemoAppTests.swift in Sources */ = {isa = PBXBuildFile; fileRef = 2B9C6C9028DFC95400230C64 /* SwiftUIChartdsDemoAppTests.swift */; };
		2B9C6C9B28DFC95400230C64 /* SwiftUIChartdsDemoAppUITests.swift in Sources */ = {isa = PBXBuildFile; fileRef = 2B9C6C9A28DFC95400230C64 /* SwiftUIChartdsDemoAppUITests.swift */; };
		2B9C6C9D28DFC95400230C64 /* SwiftUIChartdsDemoAppUITestsLaunchTests.swift in Sources */ = {isa = PBXBuildFile; fileRef = 2B9C6C9C28DFC95400230C64 /* SwiftUIChartdsDemoAppUITestsLaunchTests.swift */; };
/* End PBXBuildFile section */

/* Begin PBXContainerItemProxy section */
		2B9C6C8D28DFC95400230C64 /* PBXContainerItemProxy */ = {
			isa = PBXContainerItemProxy;
			containerPortal = 2B9C6C7428DFC95300230C64 /* Project object */;
			proxyType = 1;
			remoteGlobalIDString = 2B9C6C7B28DFC95300230C64;
			remoteInfo = SwiftUIChartdsDemoApp;
		};
		2B9C6C9728DFC95400230C64 /* PBXContainerItemProxy */ = {
			isa = PBXContainerItemProxy;
			containerPortal = 2B9C6C7428DFC95300230C64 /* Project object */;
			proxyType = 1;
			remoteGlobalIDString = 2B9C6C7B28DFC95300230C64;
			remoteInfo = SwiftUIChartdsDemoApp;
		};
/* End PBXContainerItemProxy section */

/* Begin PBXFileReference section */
		2B9C6C7C28DFC95300230C64 /* SwiftUIChartdsDemoApp.app */ = {isa = PBXFileReference; explicitFileType = wrapper.application; includeInIndex = 0; path = SwiftUIChartdsDemoApp.app; sourceTree = BUILT_PRODUCTS_DIR; };
		2B9C6C7F28DFC95300230C64 /* SwiftUIChartdsDemoAppApp.swift */ = {isa = PBXFileReference; lastKnownFileType = sourcecode.swift; path = SwiftUIChartdsDemoAppApp.swift; sourceTree = "<group>"; };
		2B9C6C8128DFC95300230C64 /* ContentView.swift */ = {isa = PBXFileReference; lastKnownFileType = sourcecode.swift; path = ContentView.swift; sourceTree = "<group>"; };
		2B9C6C8328DFC95400230C64 /* Assets.xcassets */ = {isa = PBXFileReference; lastKnownFileType = folder.assetcatalog; path = Assets.xcassets; sourceTree = "<group>"; };
		2B9C6C8628DFC95400230C64 /* Preview Assets.xcassets */ = {isa = PBXFileReference; lastKnownFileType = folder.assetcatalog; path = "Preview Assets.xcassets"; sourceTree = "<group>"; };
		2B9C6C8C28DFC95400230C64 /* SwiftUIChartdsDemoAppTests.xctest */ = {isa = PBXFileReference; explicitFileType = wrapper.cfbundle; includeInIndex = 0; path = SwiftUIChartdsDemoAppTests.xctest; sourceTree = BUILT_PRODUCTS_DIR; };
		2B9C6C9028DFC95400230C64 /* SwiftUIChartdsDemoAppTests.swift */ = {isa = PBXFileReference; lastKnownFileType = sourcecode.swift; path = SwiftUIChartdsDemoAppTests.swift; sourceTree = "<group>"; };
		2B9C6C9628DFC95400230C64 /* SwiftUIChartdsDemoAppUITests.xctest */ = {isa = PBXFileReference; explicitFileType = wrapper.cfbundle; includeInIndex = 0; path = SwiftUIChartdsDemoAppUITests.xctest; sourceTree = BUILT_PRODUCTS_DIR; };
		2B9C6C9A28DFC95400230C64 /* SwiftUIChartdsDemoAppUITests.swift */ = {isa = PBXFileReference; lastKnownFileType = sourcecode.swift; path = SwiftUIChartdsDemoAppUITests.swift; sourceTree = "<group>"; };
		2B9C6C9C28DFC95400230C64 /* SwiftUIChartdsDemoAppUITestsLaunchTests.swift */ = {isa = PBXFileReference; lastKnownFileType = sourcecode.swift; path = SwiftUIChartdsDemoAppUITestsLaunchTests.swift; sourceTree = "<group>"; };
		2B9C6CB528DFCD7F00230C64 /* SwiftUICharts */ = {isa = PBXFileReference; lastKnownFileType = wrapper; name = SwiftUICharts; path = ..; sourceTree = "<group>"; };
/* End PBXFileReference section */

/* Begin PBXFrameworksBuildPhase section */
		2B9C6C7928DFC95300230C64 /* Frameworks */ = {
			isa = PBXFrameworksBuildPhase;
			buildActionMask = 2147483647;
			files = (
				2B83E36928FC18F40072AEA0 /* SwiftUICharts in Frameworks */,
			);
			runOnlyForDeploymentPostprocessing = 0;
		};
		2B9C6C8928DFC95400230C64 /* Frameworks */ = {
			isa = PBXFrameworksBuildPhase;
			buildActionMask = 2147483647;
			files = (
			);
			runOnlyForDeploymentPostprocessing = 0;
		};
		2B9C6C9328DFC95400230C64 /* Frameworks */ = {
			isa = PBXFrameworksBuildPhase;
			buildActionMask = 2147483647;
			files = (
			);
			runOnlyForDeploymentPostprocessing = 0;
		};
/* End PBXFrameworksBuildPhase section */

/* Begin PBXGroup section */
		2B9C6C7328DFC95300230C64 = {
			isa = PBXGroup;
			children = (
				2B9C6CB428DFCD7F00230C64 /* Packages */,
				2B9C6C7E28DFC95300230C64 /* SwiftUIChartdsDemoApp */,
				2B9C6C8F28DFC95400230C64 /* SwiftUIChartdsDemoAppTests */,
				2B9C6C9928DFC95400230C64 /* SwiftUIChartdsDemoAppUITests */,
				2B9C6C7D28DFC95300230C64 /* Products */,
				2B9C6CB628DFCD8F00230C64 /* Frameworks */,
			);
			sourceTree = "<group>";
		};
		2B9C6C7D28DFC95300230C64 /* Products */ = {
			isa = PBXGroup;
			children = (
				2B9C6C7C28DFC95300230C64 /* SwiftUIChartdsDemoApp.app */,
				2B9C6C8C28DFC95400230C64 /* SwiftUIChartdsDemoAppTests.xctest */,
				2B9C6C9628DFC95400230C64 /* SwiftUIChartdsDemoAppUITests.xctest */,
			);
			name = Products;
			sourceTree = "<group>";
		};
		2B9C6C7E28DFC95300230C64 /* SwiftUIChartdsDemoApp */ = {
			isa = PBXGroup;
			children = (
				2B9C6C7F28DFC95300230C64 /* SwiftUIChartdsDemoAppApp.swift */,
				2B9C6C8128DFC95300230C64 /* ContentView.swift */,
				2B9C6C8328DFC95400230C64 /* Assets.xcassets */,
				2B9C6C8528DFC95400230C64 /* Preview Content */,
			);
			path = SwiftUIChartdsDemoApp;
			sourceTree = "<group>";
		};
		2B9C6C8528DFC95400230C64 /* Preview Content */ = {
			isa = PBXGroup;
			children = (
				2B9C6C8628DFC95400230C64 /* Preview Assets.xcassets */,
			);
			path = "Preview Content";
			sourceTree = "<group>";
		};
		2B9C6C8F28DFC95400230C64 /* SwiftUIChartdsDemoAppTests */ = {
			isa = PBXGroup;
			children = (
				2B9C6C9028DFC95400230C64 /* SwiftUIChartdsDemoAppTests.swift */,
			);
			path = SwiftUIChartdsDemoAppTests;
			sourceTree = "<group>";
		};
		2B9C6C9928DFC95400230C64 /* SwiftUIChartdsDemoAppUITests */ = {
			isa = PBXGroup;
			children = (
				2B9C6C9A28DFC95400230C64 /* SwiftUIChartdsDemoAppUITests.swift */,
				2B9C6C9C28DFC95400230C64 /* SwiftUIChartdsDemoAppUITestsLaunchTests.swift */,
			);
			path = SwiftUIChartdsDemoAppUITests;
			sourceTree = "<group>";
		};
		2B9C6CB428DFCD7F00230C64 /* Packages */ = {
			isa = PBXGroup;
			children = (
				2B9C6CB528DFCD7F00230C64 /* SwiftUICharts */,
			);
			name = Packages;
			sourceTree = "<group>";
		};
		2B9C6CB628DFCD8F00230C64 /* Frameworks */ = {
			isa = PBXGroup;
			children = (
			);
			name = Frameworks;
			sourceTree = "<group>";
		};
/* End PBXGroup section */

/* Begin PBXNativeTarget section */
		2B9C6C7B28DFC95300230C64 /* SwiftUIChartdsDemoApp */ = {
			isa = PBXNativeTarget;
			buildConfigurationList = 2B9C6CA028DFC95400230C64 /* Build configuration list for PBXNativeTarget "SwiftUIChartdsDemoApp" */;
			buildPhases = (
				2B9C6C7828DFC95300230C64 /* Sources */,
				2B9C6C7928DFC95300230C64 /* Frameworks */,
				2B9C6C7A28DFC95300230C64 /* Resources */,
			);
			buildRules = (
			);
			dependencies = (
			);
			name = SwiftUIChartdsDemoApp;
			packageProductDependencies = (
				2B83E36828FC18F40072AEA0 /* SwiftUICharts */,
			);
			productName = SwiftUIChartdsDemoApp;
			productReference = 2B9C6C7C28DFC95300230C64 /* SwiftUIChartdsDemoApp.app */;
			productType = "com.apple.product-type.application";
		};
		2B9C6C8B28DFC95400230C64 /* SwiftUIChartdsDemoAppTests */ = {
			isa = PBXNativeTarget;
			buildConfigurationList = 2B9C6CA328DFC95400230C64 /* Build configuration list for PBXNativeTarget "SwiftUIChartdsDemoAppTests" */;
			buildPhases = (
				2B9C6C8828DFC95400230C64 /* Sources */,
				2B9C6C8928DFC95400230C64 /* Frameworks */,
				2B9C6C8A28DFC95400230C64 /* Resources */,
			);
			buildRules = (
			);
			dependencies = (
				2B9C6C8E28DFC95400230C64 /* PBXTargetDependency */,
			);
			name = SwiftUIChartdsDemoAppTests;
			productName = SwiftUIChartdsDemoAppTests;
			productReference = 2B9C6C8C28DFC95400230C64 /* SwiftUIChartdsDemoAppTests.xctest */;
			productType = "com.apple.product-type.bundle.unit-test";
		};
		2B9C6C9528DFC95400230C64 /* SwiftUIChartdsDemoAppUITests */ = {
			isa = PBXNativeTarget;
			buildConfigurationList = 2B9C6CA628DFC95400230C64 /* Build configuration list for PBXNativeTarget "SwiftUIChartdsDemoAppUITests" */;
			buildPhases = (
				2B9C6C9228DFC95400230C64 /* Sources */,
				2B9C6C9328DFC95400230C64 /* Frameworks */,
				2B9C6C9428DFC95400230C64 /* Resources */,
			);
			buildRules = (
			);
			dependencies = (
				2B9C6C9828DFC95400230C64 /* PBXTargetDependency */,
			);
			name = SwiftUIChartdsDemoAppUITests;
			productName = SwiftUIChartdsDemoAppUITests;
			productReference = 2B9C6C9628DFC95400230C64 /* SwiftUIChartdsDemoAppUITests.xctest */;
			productType = "com.apple.product-type.bundle.ui-testing";
		};
/* End PBXNativeTarget section */

/* Begin PBXProject section */
		2B9C6C7428DFC95300230C64 /* Project object */ = {
			isa = PBXProject;
			attributes = {
				BuildIndependentTargetsInParallel = 1;
				LastSwiftUpdateCheck = 1340;
				LastUpgradeCheck = 1340;
				TargetAttributes = {
					2B9C6C7B28DFC95300230C64 = {
						CreatedOnToolsVersion = 13.4.1;
					};
					2B9C6C8B28DFC95400230C64 = {
						CreatedOnToolsVersion = 13.4.1;
						TestTargetID = 2B9C6C7B28DFC95300230C64;
					};
					2B9C6C9528DFC95400230C64 = {
						CreatedOnToolsVersion = 13.4.1;
						TestTargetID = 2B9C6C7B28DFC95300230C64;
					};
				};
			};
			buildConfigurationList = 2B9C6C7728DFC95300230C64 /* Build configuration list for PBXProject "SwiftUIChartdsDemoApp" */;
			compatibilityVersion = "Xcode 13.0";
			developmentRegion = en;
			hasScannedForEncodings = 0;
			knownRegions = (
				en,
				Base,
			);
			mainGroup = 2B9C6C7328DFC95300230C64;
			packageReferences = (
				2B83E36728FC18F40072AEA0 /* XCRemoteSwiftPackageReference "SwiftUICharts" */,
			);
			productRefGroup = 2B9C6C7D28DFC95300230C64 /* Products */;
			projectDirPath = "";
			projectRoot = "";
			targets = (
				2B9C6C7B28DFC95300230C64 /* SwiftUIChartdsDemoApp */,
				2B9C6C8B28DFC95400230C64 /* SwiftUIChartdsDemoAppTests */,
				2B9C6C9528DFC95400230C64 /* SwiftUIChartdsDemoAppUITests */,
			);
		};
/* End PBXProject section */

/* Begin PBXResourcesBuildPhase section */
		2B9C6C7A28DFC95300230C64 /* Resources */ = {
			isa = PBXResourcesBuildPhase;
			buildActionMask = 2147483647;
			files = (
				2B9C6C8728DFC95400230C64 /* Preview Assets.xcassets in Resources */,
				2B9C6C8428DFC95400230C64 /* Assets.xcassets in Resources */,
			);
			runOnlyForDeploymentPostprocessing = 0;
		};
		2B9C6C8A28DFC95400230C64 /* Resources */ = {
			isa = PBXResourcesBuildPhase;
			buildActionMask = 2147483647;
			files = (
			);
			runOnlyForDeploymentPostprocessing = 0;
		};
		2B9C6C9428DFC95400230C64 /* Resources */ = {
			isa = PBXResourcesBuildPhase;
			buildActionMask = 2147483647;
			files = (
			);
			runOnlyForDeploymentPostprocessing = 0;
		};
/* End PBXResourcesBuildPhase section */

/* Begin PBXSourcesBuildPhase section */
		2B9C6C7828DFC95300230C64 /* Sources */ = {
			isa = PBXSourcesBuildPhase;
			buildActionMask = 2147483647;
			files = (
				2B9C6C8228DFC95300230C64 /* ContentView.swift in Sources */,
				2B9C6C8028DFC95300230C64 /* SwiftUIChartdsDemoAppApp.swift in Sources */,
			);
			runOnlyForDeploymentPostprocessing = 0;
		};
		2B9C6C8828DFC95400230C64 /* Sources */ = {
			isa = PBXSourcesBuildPhase;
			buildActionMask = 2147483647;
			files = (
				2B9C6C9128DFC95400230C64 /* SwiftUIChartdsDemoAppTests.swift in Sources */,
			);
			runOnlyForDeploymentPostprocessing = 0;
		};
		2B9C6C9228DFC95400230C64 /* Sources */ = {
			isa = PBXSourcesBuildPhase;
			buildActionMask = 2147483647;
			files = (
				2B9C6C9B28DFC95400230C64 /* SwiftUIChartdsDemoAppUITests.swift in Sources */,
				2B9C6C9D28DFC95400230C64 /* SwiftUIChartdsDemoAppUITestsLaunchTests.swift in Sources */,
			);
			runOnlyForDeploymentPostprocessing = 0;
		};
/* End PBXSourcesBuildPhase section */

/* Begin PBXTargetDependency section */
		2B9C6C8E28DFC95400230C64 /* PBXTargetDependency */ = {
			isa = PBXTargetDependency;
			target = 2B9C6C7B28DFC95300230C64 /* SwiftUIChartdsDemoApp */;
			targetProxy = 2B9C6C8D28DFC95400230C64 /* PBXContainerItemProxy */;
		};
		2B9C6C9828DFC95400230C64 /* PBXTargetDependency */ = {
			isa = PBXTargetDependency;
			target = 2B9C6C7B28DFC95300230C64 /* SwiftUIChartdsDemoApp */;
			targetProxy = 2B9C6C9728DFC95400230C64 /* PBXContainerItemProxy */;
		};
/* End PBXTargetDependency section */

/* Begin XCBuildConfiguration section */
		2B9C6C9E28DFC95400230C64 /* Debug */ = {
			isa = XCBuildConfiguration;
			buildSettings = {
				ALWAYS_SEARCH_USER_PATHS = NO;
				CLANG_ANALYZER_NONNULL = YES;
				CLANG_ANALYZER_NUMBER_OBJECT_CONVERSION = YES_AGGRESSIVE;
				CLANG_CXX_LANGUAGE_STANDARD = "gnu++17";
				CLANG_ENABLE_MODULES = YES;
				CLANG_ENABLE_OBJC_ARC = YES;
				CLANG_ENABLE_OBJC_WEAK = YES;
				CLANG_WARN_BLOCK_CAPTURE_AUTORELEASING = YES;
				CLANG_WARN_BOOL_CONVERSION = YES;
				CLANG_WARN_COMMA = YES;
				CLANG_WARN_CONSTANT_CONVERSION = YES;
				CLANG_WARN_DEPRECATED_OBJC_IMPLEMENTATIONS = YES;
				CLANG_WARN_DIRECT_OBJC_ISA_USAGE = YES_ERROR;
				CLANG_WARN_DOCUMENTATION_COMMENTS = YES;
				CLANG_WARN_EMPTY_BODY = YES;
				CLANG_WARN_ENUM_CONVERSION = YES;
				CLANG_WARN_INFINITE_RECURSION = YES;
				CLANG_WARN_INT_CONVERSION = YES;
				CLANG_WARN_NON_LITERAL_NULL_CONVERSION = YES;
				CLANG_WARN_OBJC_IMPLICIT_RETAIN_SELF = YES;
				CLANG_WARN_OBJC_LITERAL_CONVERSION = YES;
				CLANG_WARN_OBJC_ROOT_CLASS = YES_ERROR;
				CLANG_WARN_QUOTED_INCLUDE_IN_FRAMEWORK_HEADER = YES;
				CLANG_WARN_RANGE_LOOP_ANALYSIS = YES;
				CLANG_WARN_STRICT_PROTOTYPES = YES;
				CLANG_WARN_SUSPICIOUS_MOVE = YES;
				CLANG_WARN_UNGUARDED_AVAILABILITY = YES_AGGRESSIVE;
				CLANG_WARN_UNREACHABLE_CODE = YES;
				CLANG_WARN__DUPLICATE_METHOD_MATCH = YES;
				COPY_PHASE_STRIP = NO;
				DEBUG_INFORMATION_FORMAT = dwarf;
				ENABLE_STRICT_OBJC_MSGSEND = YES;
				ENABLE_TESTABILITY = YES;
				GCC_C_LANGUAGE_STANDARD = gnu11;
				GCC_DYNAMIC_NO_PIC = NO;
				GCC_NO_COMMON_BLOCKS = YES;
				GCC_OPTIMIZATION_LEVEL = 0;
				GCC_PREPROCESSOR_DEFINITIONS = (
					"DEBUG=1",
					"$(inherited)",
				);
				GCC_WARN_64_TO_32_BIT_CONVERSION = YES;
				GCC_WARN_ABOUT_RETURN_TYPE = YES_ERROR;
				GCC_WARN_UNDECLARED_SELECTOR = YES;
				GCC_WARN_UNINITIALIZED_AUTOS = YES_AGGRESSIVE;
				GCC_WARN_UNUSED_FUNCTION = YES;
				GCC_WARN_UNUSED_VARIABLE = YES;
				GENERATE_PKGINFO_FILE = YES;
				IPHONEOS_DEPLOYMENT_TARGET = 15.0;
				MTL_ENABLE_DEBUG_INFO = INCLUDE_SOURCE;
				MTL_FAST_MATH = YES;
				ONLY_ACTIVE_ARCH = YES;
				SDKROOT = iphoneos;
				SWIFT_ACTIVE_COMPILATION_CONDITIONS = DEBUG;
				SWIFT_OPTIMIZATION_LEVEL = "-Onone";
				SWIFT_VERSION = 5.0;
			};
			name = Debug;
		};
		2B9C6C9F28DFC95400230C64 /* Release */ = {
			isa = XCBuildConfiguration;
			buildSettings = {
				ALWAYS_SEARCH_USER_PATHS = NO;
				CLANG_ANALYZER_NONNULL = YES;
				CLANG_ANALYZER_NUMBER_OBJECT_CONVERSION = YES_AGGRESSIVE;
				CLANG_CXX_LANGUAGE_STANDARD = "gnu++17";
				CLANG_ENABLE_MODULES = YES;
				CLANG_ENABLE_OBJC_ARC = YES;
				CLANG_ENABLE_OBJC_WEAK = YES;
				CLANG_WARN_BLOCK_CAPTURE_AUTORELEASING = YES;
				CLANG_WARN_BOOL_CONVERSION = YES;
				CLANG_WARN_COMMA = YES;
				CLANG_WARN_CONSTANT_CONVERSION = YES;
				CLANG_WARN_DEPRECATED_OBJC_IMPLEMENTATIONS = YES;
				CLANG_WARN_DIRECT_OBJC_ISA_USAGE = YES_ERROR;
				CLANG_WARN_DOCUMENTATION_COMMENTS = YES;
				CLANG_WARN_EMPTY_BODY = YES;
				CLANG_WARN_ENUM_CONVERSION = YES;
				CLANG_WARN_INFINITE_RECURSION = YES;
				CLANG_WARN_INT_CONVERSION = YES;
				CLANG_WARN_NON_LITERAL_NULL_CONVERSION = YES;
				CLANG_WARN_OBJC_IMPLICIT_RETAIN_SELF = YES;
				CLANG_WARN_OBJC_LITERAL_CONVERSION = YES;
				CLANG_WARN_OBJC_ROOT_CLASS = YES_ERROR;
				CLANG_WARN_QUOTED_INCLUDE_IN_FRAMEWORK_HEADER = YES;
				CLANG_WARN_RANGE_LOOP_ANALYSIS = YES;
				CLANG_WARN_STRICT_PROTOTYPES = YES;
				CLANG_WARN_SUSPICIOUS_MOVE = YES;
				CLANG_WARN_UNGUARDED_AVAILABILITY = YES_AGGRESSIVE;
				CLANG_WARN_UNREACHABLE_CODE = YES;
				CLANG_WARN__DUPLICATE_METHOD_MATCH = YES;
				COPY_PHASE_STRIP = NO;
				DEBUG_INFORMATION_FORMAT = "dwarf-with-dsym";
				ENABLE_NS_ASSERTIONS = NO;
				ENABLE_STRICT_OBJC_MSGSEND = YES;
				GCC_C_LANGUAGE_STANDARD = gnu11;
				GCC_NO_COMMON_BLOCKS = YES;
				GCC_WARN_64_TO_32_BIT_CONVERSION = YES;
				GCC_WARN_ABOUT_RETURN_TYPE = YES_ERROR;
				GCC_WARN_UNDECLARED_SELECTOR = YES;
				GCC_WARN_UNINITIALIZED_AUTOS = YES_AGGRESSIVE;
				GCC_WARN_UNUSED_FUNCTION = YES;
				GCC_WARN_UNUSED_VARIABLE = YES;
				GENERATE_PKGINFO_FILE = YES;
				IPHONEOS_DEPLOYMENT_TARGET = 15.0;
				MTL_ENABLE_DEBUG_INFO = NO;
				MTL_FAST_MATH = YES;
				SDKROOT = iphoneos;
				SWIFT_COMPILATION_MODE = wholemodule;
				SWIFT_OPTIMIZATION_LEVEL = "-O";
				SWIFT_VERSION = 5.0;
				VALIDATE_PRODUCT = YES;
			};
			name = Release;
		};
		2B9C6CA128DFC95400230C64 /* Debug */ = {
			isa = XCBuildConfiguration;
			buildSettings = {
				ASSETCATALOG_COMPILER_APPICON_NAME = AppIcon;
				ASSETCATALOG_COMPILER_GLOBAL_ACCENT_COLOR_NAME = AccentColor;
				CODE_SIGN_STYLE = Automatic;
				CURRENT_PROJECT_VERSION = 1;
				DEVELOPMENT_ASSET_PATHS = "\"SwiftUIChartdsDemoApp/Preview Content\"";
				DEVELOPMENT_TEAM = H7MUL7BCTG;
				ENABLE_PREVIEWS = YES;
				GENERATE_INFOPLIST_FILE = YES;
				INFOPLIST_KEY_UIApplicationSceneManifest_Generation = YES;
				INFOPLIST_KEY_UIApplicationSupportsIndirectInputEvents = YES;
				INFOPLIST_KEY_UILaunchScreen_Generation = YES;
				INFOPLIST_KEY_UISupportedInterfaceOrientations = UIInterfaceOrientationPortrait;
				INFOPLIST_KEY_UISupportedInterfaceOrientations_iPad = UIInterfaceOrientationPortrait;
				INFOPLIST_KEY_UISupportedInterfaceOrientations_iPhone = UIInterfaceOrientationPortrait;
				LD_RUNPATH_SEARCH_PATHS = (
					"$(inherited)",
					"@executable_path/Frameworks",
				);
				MARKETING_VERSION = 1.0;
				PRODUCT_BUNDLE_IDENTIFIER = "Otavio-LTD.SwiftUIChartdsDemoApp";
				PRODUCT_NAME = "$(TARGET_NAME)";
				SWIFT_EMIT_LOC_STRINGS = YES;
				SWIFT_VERSION = 5.0;
				TARGETED_DEVICE_FAMILY = 1;
			};
			name = Debug;
		};
		2B9C6CA228DFC95400230C64 /* Release */ = {
			isa = XCBuildConfiguration;
			buildSettings = {
				ASSETCATALOG_COMPILER_APPICON_NAME = AppIcon;
				ASSETCATALOG_COMPILER_GLOBAL_ACCENT_COLOR_NAME = AccentColor;
				CODE_SIGN_STYLE = Automatic;
				CURRENT_PROJECT_VERSION = 1;
				DEVELOPMENT_ASSET_PATHS = "\"SwiftUIChartdsDemoApp/Preview Content\"";
				DEVELOPMENT_TEAM = H7MUL7BCTG;
				ENABLE_PREVIEWS = YES;
				GENERATE_INFOPLIST_FILE = YES;
				INFOPLIST_KEY_UIApplicationSceneManifest_Generation = YES;
				INFOPLIST_KEY_UIApplicationSupportsIndirectInputEvents = YES;
				INFOPLIST_KEY_UILaunchScreen_Generation = YES;
				INFOPLIST_KEY_UISupportedInterfaceOrientations = UIInterfaceOrientationPortrait;
				INFOPLIST_KEY_UISupportedInterfaceOrientations_iPad = UIInterfaceOrientationPortrait;
				INFOPLIST_KEY_UISupportedInterfaceOrientations_iPhone = UIInterfaceOrientationPortrait;
				LD_RUNPATH_SEARCH_PATHS = (
					"$(inherited)",
					"@executable_path/Frameworks",
				);
				MARKETING_VERSION = 1.0;
				PRODUCT_BUNDLE_IDENTIFIER = "Otavio-LTD.SwiftUIChartdsDemoApp";
				PRODUCT_NAME = "$(TARGET_NAME)";
				SWIFT_EMIT_LOC_STRINGS = YES;
				SWIFT_VERSION = 5.0;
				TARGETED_DEVICE_FAMILY = 1;
			};
			name = Release;
		};
		2B9C6CA428DFC95400230C64 /* Debug */ = {
			isa = XCBuildConfiguration;
			buildSettings = {
				ALWAYS_EMBED_SWIFT_STANDARD_LIBRARIES = YES;
				BUNDLE_LOADER = "$(TEST_HOST)";
				CODE_SIGN_STYLE = Automatic;
				CURRENT_PROJECT_VERSION = 1;
				DEVELOPMENT_TEAM = H7MUL7BCTG;
				GENERATE_INFOPLIST_FILE = YES;
				IPHONEOS_DEPLOYMENT_TARGET = 15.5;
				MARKETING_VERSION = 1.0;
				PRODUCT_BUNDLE_IDENTIFIER = "Otavio-LTD.SwiftUIChartdsDemoAppTests";
				PRODUCT_NAME = "$(TARGET_NAME)";
				SWIFT_EMIT_LOC_STRINGS = NO;
				SWIFT_VERSION = 5.0;
				TARGETED_DEVICE_FAMILY = "1,2";
				TEST_HOST = "$(BUILT_PRODUCTS_DIR)/SwiftUIChartdsDemoApp.app/SwiftUIChartdsDemoApp";
			};
			name = Debug;
		};
		2B9C6CA528DFC95400230C64 /* Release */ = {
			isa = XCBuildConfiguration;
			buildSettings = {
				ALWAYS_EMBED_SWIFT_STANDARD_LIBRARIES = YES;
				BUNDLE_LOADER = "$(TEST_HOST)";
				CODE_SIGN_STYLE = Automatic;
				CURRENT_PROJECT_VERSION = 1;
				DEVELOPMENT_TEAM = H7MUL7BCTG;
				GENERATE_INFOPLIST_FILE = YES;
				IPHONEOS_DEPLOYMENT_TARGET = 15.5;
				MARKETING_VERSION = 1.0;
				PRODUCT_BUNDLE_IDENTIFIER = "Otavio-LTD.SwiftUIChartdsDemoAppTests";
				PRODUCT_NAME = "$(TARGET_NAME)";
				SWIFT_EMIT_LOC_STRINGS = NO;
				SWIFT_VERSION = 5.0;
				TARGETED_DEVICE_FAMILY = "1,2";
				TEST_HOST = "$(BUILT_PRODUCTS_DIR)/SwiftUIChartdsDemoApp.app/SwiftUIChartdsDemoApp";
			};
			name = Release;
		};
		2B9C6CA728DFC95400230C64 /* Debug */ = {
			isa = XCBuildConfiguration;
			buildSettings = {
				ALWAYS_EMBED_SWIFT_STANDARD_LIBRARIES = YES;
				CODE_SIGN_STYLE = Automatic;
				CURRENT_PROJECT_VERSION = 1;
				DEVELOPMENT_TEAM = H7MUL7BCTG;
				GENERATE_INFOPLIST_FILE = YES;
				MARKETING_VERSION = 1.0;
				PRODUCT_BUNDLE_IDENTIFIER = "Otavio-LTD.SwiftUIChartdsDemoAppUITests";
				PRODUCT_NAME = "$(TARGET_NAME)";
				SWIFT_EMIT_LOC_STRINGS = NO;
				SWIFT_VERSION = 5.0;
				TARGETED_DEVICE_FAMILY = "1,2";
				TEST_TARGET_NAME = SwiftUIChartdsDemoApp;
			};
			name = Debug;
		};
		2B9C6CA828DFC95400230C64 /* Release */ = {
			isa = XCBuildConfiguration;
			buildSettings = {
				ALWAYS_EMBED_SWIFT_STANDARD_LIBRARIES = YES;
				CODE_SIGN_STYLE = Automatic;
				CURRENT_PROJECT_VERSION = 1;
				DEVELOPMENT_TEAM = H7MUL7BCTG;
				GENERATE_INFOPLIST_FILE = YES;
				MARKETING_VERSION = 1.0;
				PRODUCT_BUNDLE_IDENTIFIER = "Otavio-LTD.SwiftUIChartdsDemoAppUITests";
				PRODUCT_NAME = "$(TARGET_NAME)";
				SWIFT_EMIT_LOC_STRINGS = NO;
				SWIFT_VERSION = 5.0;
				TARGETED_DEVICE_FAMILY = "1,2";
				TEST_TARGET_NAME = SwiftUIChartdsDemoApp;
			};
			name = Release;
		};
/* End XCBuildConfiguration section */

/* Begin XCConfigurationList section */
		2B9C6C7728DFC95300230C64 /* Build configuration list for PBXProject "SwiftUIChartdsDemoApp" */ = {
			isa = XCConfigurationList;
			buildConfigurations = (
				2B9C6C9E28DFC95400230C64 /* Debug */,
				2B9C6C9F28DFC95400230C64 /* Release */,
			);
			defaultConfigurationIsVisible = 0;
			defaultConfigurationName = Release;
		};
		2B9C6CA028DFC95400230C64 /* Build configuration list for PBXNativeTarget "SwiftUIChartdsDemoApp" */ = {
			isa = XCConfigurationList;
			buildConfigurations = (
				2B9C6CA128DFC95400230C64 /* Debug */,
				2B9C6CA228DFC95400230C64 /* Release */,
			);
			defaultConfigurationIsVisible = 0;
			defaultConfigurationName = Release;
		};
		2B9C6CA328DFC95400230C64 /* Build configuration list for PBXNativeTarget "SwiftUIChartdsDemoAppTests" */ = {
			isa = XCConfigurationList;
			buildConfigurations = (
				2B9C6CA428DFC95400230C64 /* Debug */,
				2B9C6CA528DFC95400230C64 /* Release */,
			);
			defaultConfigurationIsVisible = 0;
			defaultConfigurationName = Release;
		};
		2B9C6CA628DFC95400230C64 /* Build configuration list for PBXNativeTarget "SwiftUIChartdsDemoAppUITests" */ = {
			isa = XCConfigurationList;
			buildConfigurations = (
				2B9C6CA728DFC95400230C64 /* Debug */,
				2B9C6CA828DFC95400230C64 /* Release */,
			);
			defaultConfigurationIsVisible = 0;
			defaultConfigurationName = Release;
		};
/* End XCConfigurationList section */

/* Begin XCRemoteSwiftPackageReference section */
		2B83E36728FC18F40072AEA0 /* XCRemoteSwiftPackageReference "SwiftUICharts" */ = {
			isa = XCRemoteSwiftPackageReference;
			repositoryURL = "https://github.com/otaviokz/SwiftUICharts";
			requirement = {
				kind = upToNextMajorVersion;
				minimumVersion = 1.0.0;
			};
		};
/* End XCRemoteSwiftPackageReference section */

/* Begin XCSwiftPackageProductDependency section */
		2B83E36828FC18F40072AEA0 /* SwiftUICharts */ = {
			isa = XCSwiftPackageProductDependency;
			package = 2B83E36728FC18F40072AEA0 /* XCRemoteSwiftPackageReference "SwiftUICharts" */;
			productName = SwiftUICharts;
		};
/* End XCSwiftPackageProductDependency section */
	};
	rootObject = 2B9C6C7428DFC95300230C64 /* Project object */;
}
